
Microsoft Visual Studio Solution File, Format Version 12.00
# Visual Studio Version 16
VisualStudioVersion = 16.0.30413.136
MinimumVisualStudioVersion = 10.0.40219.1
Project("{9A19103F-16F7-4668-BE54-9A1E7A4F7556}") = "PlayerWallet", "PlayerWallet\PlayerWallet.csproj", "{58468434-221F-4A89-B540-1797DFBDA3DF}"
EndProject
Project("{9A19103F-16F7-4668-BE54-9A1E7A4F7556}") = "PlayerWallet.Tests", "PlayerWallet.Test\PlayerWallet.Tests.csproj", "{3C868568-5F1C-48DA-BD0F-A11D24256476}"
EndProject
Global
	GlobalSection(SolutionConfigurationPlatforms) = preSolution
		Debug|Any CPU = Debug|Any CPU
		Release|Any CPU = Release|Any CPU
	EndGlobalSection
	GlobalSection(ProjectConfigurationPlatforms) = postSolution
		{58468434-221F-4A89-B540-1797DFBDA3DF}.Debug|Any CPU.ActiveCfg = Debug|Any CPU
		{58468434-221F-4A89-B540-1797DFBDA3DF}.Debug|Any CPU.Build.0 = Debug|Any CPU
		{58468434-221F-4A89-B540-1797DFBDA3DF}.Release|Any CPU.ActiveCfg = Release|Any CPU
		{58468434-221F-4A89-B540-1797DFBDA3DF}.Release|Any CPU.Build.0 = Release|Any CPU
		{3C868568-5F1C-48DA-BD0F-A11D24256476}.Debug|Any CPU.ActiveCfg = Debug|Any CPU
		{3C868568-5F1C-48DA-BD0F-A11D24256476}.Debug|Any CPU.Build.0 = Debug|Any CPU
		{3C868568-5F1C-48DA-BD0F-A11D24256476}.Release|Any CPU.ActiveCfg = Release|Any CPU
		{3C868568-5F1C-48DA-BD0F-A11D24256476}.Release|Any CPU.Build.0 = Release|Any CPU
	EndGlobalSection
	GlobalSection(SolutionProperties) = preSolution
		HideSolutionNode = FALSE
	EndGlobalSection
	GlobalSection(ExtensibilityGlobals) = postSolution
		SolutionGuid = {6E0B2A7C-1C98-459D-8790-67DCA0AC0864}
	EndGlobalSection
EndGlobal
